// !$*UTF8*$!
{
	archiveVersion = 1;
	classes = {
	};
	objectVersion = 77;
	objects = {

/* Begin PBXBuildFile section */
		9B6E4D723070FF8200A4BBD4 /* WidgetKit.framework in Frameworks */ = {isa = PBXBuildFile; fileRef = 9B6E4D713070FF8200A4BBD4 /* WidgetKit.framework */; };
		9B6E4D743070FF8200A4BBD4 /* SwiftUI.framework in Frameworks */ = {isa = PBXBuildFile; fileRef = 9B6E4D733070FF8200A4BBD4 /* SwiftUI.framework */; };
		9B6E4D7F3070FF8400A4BBD4 /* DayShiftWidgetExtension.appex in Embed Foundation Extensions */ = {isa = PBXBuildFile; fileRef = 9B6E4D6F3070FF8200A4BBD4 /* DayShiftWidgetExtension.appex */; settings = {ATTRIBUTES = (RemoveHeadersOnCopy, ); }; };
		9B6E4D993071003E00A4BBD4 /* UserNotifications.framework in Frameworks */ = {isa = PBXBuildFile; fileRef = 9B6E4D983071003E00A4BBD4 /* UserNotifications.framework */; };
		9B6E4D9B3071003E00A4BBD4 /* UserNotificationsUI.framework in Frameworks */ = {isa = PBXBuildFile; fileRef = 9B6E4D9A3071003E00A4BBD4 /* UserNotificationsUI.framework */; };
		9B6E4DA53071003E00A4BBD4 /* DayShiftNotificationContent.appex in Embed Foundation Extensions */ = {isa = PBXBuildFile; fileRef = 9B6E4D973071003E00A4BBD4 /* DayShiftNotificationContent.appex */; settings = {ATTRIBUTES = (RemoveHeadersOnCopy, ); }; };
		9B6E4DD6307102C100A4BBD4 /* DayShiftKit in Frameworks */ = {isa = PBXBuildFile; productRef = 9B6E4DD5307102C100A4BBD4 /* DayShiftKit */; };
/* End PBXBuildFile section */

/* Begin PBXContainerItemProxy section */
		9B6E4D7D3070FF8400A4BBD4 /* PBXContainerItemProxy */ = {
			isa = PBXContainerItemProxy;
			containerPortal = 9B6E4D3B3070FA5400A4BBD4 /* Project object */;
			proxyType = 1;
			remoteGlobalIDString = 9B6E4D6E3070FF8200A4BBD4;
			remoteInfo = DayShiftWidgetExtension;
		};
		9B6E4DA33071003E00A4BBD4 /* PBXContainerItemProxy */ = {
			isa = PBXContainerItemProxy;
			containerPortal = 9B6E4D3B3070FA5400A4BBD4 /* Project object */;
			proxyType = 1;
			remoteGlobalIDString = 9B6E4D963071003E00A4BBD4;
			remoteInfo = DayShiftNotificationContent;
		};
/* End PBXContainerItemProxy section */

/* Begin PBXCopyFilesBuildPhase section */
		9B6E4D803070FF8400A4BBD4 /* Embed Foundation Extensions */ = {
			isa = PBXCopyFilesBuildPhase;
			buildActionMask = 2147483647;
			dstPath = "";
			dstSubfolderSpec = 13;
			files = (
				9B6E4D7F3070FF8400A4BBD4 /* DayShiftWidgetExtension.appex in Embed Foundation Extensions */,
				9B6E4DA53071003E00A4BBD4 /* DayShiftNotificationContent.appex in Embed Foundation Extensions */,
			);
			name = "Embed Foundation Extensions";
			runOnlyForDeploymentPostprocessing = 0;
		};
/* End PBXCopyFilesBuildPhase section */

/* Begin PBXFileReference section */
		9B6E4D433070FA5400A4BBD4 /* DayShift.app */ = {isa = PBXFileReference; explicitFileType = wrapper.application; includeInIndex = 0; path = DayShift.app; sourceTree = BUILT_PRODUCTS_DIR; };
		9B6E4D6F3070FF8200A4BBD4 /* DayShiftWidgetExtension.appex */ = {isa = PBXFileReference; explicitFileType = "wrapper.app-extension"; includeInIndex = 0; path = DayShiftWidgetExtension.appex; sourceTree = BUILT_PRODUCTS_DIR; };
		9B6E4D713070FF8200A4BBD4 /* WidgetKit.framework */ = {isa = PBXFileReference; lastKnownFileType = wrapper.framework; name = WidgetKit.framework; path = System/Library/Frameworks/WidgetKit.framework; sourceTree = SDKROOT; };
		9B6E4D733070FF8200A4BBD4 /* SwiftUI.framework */ = {isa = PBXFileReference; lastKnownFileType = wrapper.framework; name = SwiftUI.framework; path = System/Library/Frameworks/SwiftUI.framework; sourceTree = SDKROOT; };
		9B6E4D973071003E00A4BBD4 /* DayShiftNotificationContent.appex */ = {isa = PBXFileReference; explicitFileType = "wrapper.app-extension"; includeInIndex = 0; path = DayShiftNotificationContent.appex; sourceTree = BUILT_PRODUCTS_DIR; };
		9B6E4D983071003E00A4BBD4 /* UserNotifications.framework */ = {isa = PBXFileReference; lastKnownFileType = wrapper.framework; name = UserNotifications.framework; path = System/Library/Frameworks/UserNotifications.framework; sourceTree = SDKROOT; };
		9B6E4D9A3071003E00A4BBD4 /* UserNotificationsUI.framework */ = {isa = PBXFileReference; lastKnownFileType = wrapper.framework; name = UserNotificationsUI.framework; path = System/Library/Frameworks/UserNotificationsUI.framework; sourceTree = SDKROOT; };
/* End PBXFileReference section */

/* Begin PBXFileSystemSynchronizedBuildFileExceptionSet section */
		9B6E4D833070FF8400A4BBD4 /* Exceptions for "DayShiftWidget" folder in "DayShiftWidgetExtension" target */ = {
			isa = PBXFileSystemSynchronizedBuildFileExceptionSet;
			membershipExceptions = (
				Info.plist,
			);
			target = 9B6E4D6E3070FF8200A4BBD4 /* DayShiftWidgetExtension */;
		};
		9B6E4DA83071003E00A4BBD4 /* Exceptions for "DayShiftNotificationContent" folder in "DayShiftNotificationContent" target */ = {
			isa = PBXFileSystemSynchronizedBuildFileExceptionSet;
			membershipExceptions = (
				Info.plist,
			);
			target = 9B6E4D963071003E00A4BBD4 /* DayShiftNotificationContent */;
		};
/* End PBXFileSystemSynchronizedBuildFileExceptionSet section */

/* Begin PBXFileSystemSynchronizedRootGroup section */
		9B6E4D453070FA5400A4BBD4 /* DayShift */ = {
			isa = PBXFileSystemSynchronizedRootGroup;
			path = DayShift;
			sourceTree = "<group>";
		};
		9B6E4D753070FF8200A4BBD4 /* DayShiftWidget */ = {
			isa = PBXFileSystemSynchronizedRootGroup;
			exceptions = (
				9B6E4D833070FF8400A4BBD4 /* Exceptions for "DayShiftWidget" folder in "DayShiftWidgetExtension" target */,
			);
			path = DayShiftWidget;
			sourceTree = "<group>";
		};
		9B6E4D9C3071003E00A4BBD4 /* DayShiftNotificationContent */ = {
			isa = PBXFileSystemSynchronizedRootGroup;
			exceptions = (
				9B6E4DA83071003E00A4BBD4 /* Exceptions for "DayShiftNotificationContent" folder in "DayShiftNotificationContent" target */,
			);
			path = DayShiftNotificationContent;
			sourceTree = "<group>";
		};
/* End PBXFileSystemSynchronizedRootGroup section */

/* Begin PBXFrameworksBuildPhase section */
		9B6E4D403070FA5400A4BBD4 /* Frameworks */ = {
			isa = PBXFrameworksBuildPhase;
			buildActionMask = 2147483647;
			files = (
			);
			runOnlyForDeploymentPostprocessing = 0;
		};
		9B6E4D6C3070FF8200A4BBD4 /* Frameworks */ = {
			isa = PBXFrameworksBuildPhase;
			buildActionMask = 2147483647;
			files = (
				9B6E4D743070FF8200A4BBD4 /* SwiftUI.framework in Frameworks */,
				9B6E4D723070FF8200A4BBD4 /* WidgetKit.framework in Frameworks */,
			);
			runOnlyForDeploymentPostprocessing = 0;
		};
		9B6E4D943071003E00A4BBD4 /* Frameworks */ = {
			isa = PBXFrameworksBuildPhase;
			buildActionMask = 2147483647;
			files = (
				9B6E4D9B3071003E00A4BBD4 /* UserNotificationsUI.framework in Frameworks */,
				9B6E4D993071003E00A4BBD4 /* UserNotifications.framework in Frameworks */,
				9B6E4DD6307102C100A4BBD4 /* DayShiftKit in Frameworks */,
			);
			runOnlyForDeploymentPostprocessing = 0;
		};
/* End PBXFrameworksBuildPhase section */

/* Begin PBXGroup section */
		9B6E4D3A3070FA5400A4BBD4 = {
			isa = PBXGroup;
			children = (
				9B6E4D453070FA5400A4BBD4 /* DayShift */,
				9B6E4D753070FF8200A4BBD4 /* DayShiftWidget */,
				9B6E4D9C3071003E00A4BBD4 /* DayShiftNotificationContent */,
				9B6E4D703070FF8200A4BBD4 /* Frameworks */,
				9B6E4D443070FA5400A4BBD4 /* Products */,
			);
			sourceTree = "<group>";
		};
		9B6E4D443070FA5400A4BBD4 /* Products */ = {
			isa = PBXGroup;
			children = (
				9B6E4D433070FA5400A4BBD4 /* DayShift.app */,
				9B6E4D6F3070FF8200A4BBD4 /* DayShiftWidgetExtension.appex */,
				9B6E4D973071003E00A4BBD4 /* DayShiftNotificationContent.appex */,
			);
			name = Products;
			sourceTree = "<group>";
		};
		9B6E4D703070FF8200A4BBD4 /* Frameworks */ = {
			isa = PBXGroup;
			children = (
				9B6E4D713070FF8200A4BBD4 /* WidgetKit.framework */,
				9B6E4D733070FF8200A4BBD4 /* SwiftUI.framework */,
				9B6E4D983071003E00A4BBD4 /* UserNotifications.framework */,
				9B6E4D9A3071003E00A4BBD4 /* UserNotificationsUI.framework */,
			);
			name = Frameworks;
			sourceTree = "<group>";
		};
/* End PBXGroup section */

/* Begin PBXNativeTarget section */
		9B6E4D423070FA5400A4BBD4 /* DayShift */ = {
			isa = PBXNativeTarget;
			buildConfigurationList = 9B6E4D4E3070FA5600A4BBD4 /* Build configuration list for PBXNativeTarget "DayShift" */;
			buildPhases = (
				9B6E4D3F3070FA5400A4BBD4 /* Sources */,
				9B6E4D403070FA5400A4BBD4 /* Frameworks */,
				9B6E4D413070FA5400A4BBD4 /* Resources */,
				9B6E4D803070FF8400A4BBD4 /* Embed Foundation Extensions */,
			);
			buildRules = (
			);
			dependencies = (
				9B6E4D7E3070FF8400A4BBD4 /* PBXTargetDependency */,
				9B6E4DA43071003E00A4BBD4 /* PBXTargetDependency */,
			);
			fileSystemSynchronizedGroups = (
				9B6E4D453070FA5400A4BBD4 /* DayShift */,
			);
			name = DayShift;
			packageProductDependencies = (
			);
			productName = DayShift;
			productReference = 9B6E4D433070FA5400A4BBD4 /* DayShift.app */;
			productType = "com.apple.product-type.application";
		};
		9B6E4D6E3070FF8200A4BBD4 /* DayShiftWidgetExtension */ = {
			isa = PBXNativeTarget;
			buildConfigurationList = 9B6E4D843070FF8400A4BBD4 /* Build configuration list for PBXNativeTarget "DayShiftWidgetExtension" */;
			buildPhases = (
				9B6E4D6B3070FF8200A4BBD4 /* Sources */,
				9B6E4D6C3070FF8200A4BBD4 /* Frameworks */,
				9B6E4D6D3070FF8200A4BBD4 /* Resources */,
			);
			buildRules = (
			);
			dependencies = (
			);
			fileSystemSynchronizedGroups = (
				9B6E4D753070FF8200A4BBD4 /* DayShiftWidget */,
			);
			name = DayShiftWidgetExtension;
			packageProductDependencies = (
			);
			productName = DayShiftWidgetExtension;
			productReference = 9B6E4D6F3070FF8200A4BBD4 /* DayShiftWidgetExtension.appex */;
			productType = "com.apple.product-type.app-extension";
		};
		9B6E4D963071003E00A4BBD4 /* DayShiftNotificationContent */ = {
			isa = PBXNativeTarget;
			buildConfigurationList = 9B6E4DA93071003E00A4BBD4 /* Build configuration list for PBXNativeTarget "DayShiftNotificationContent" */;
			buildPhases = (
				9B6E4D933071003E00A4BBD4 /* Sources */,
				9B6E4D943071003E00A4BBD4 /* Frameworks */,
				9B6E4D953071003E00A4BBD4 /* Resources */,
			);
			buildRules = (
			);
			dependencies = (
			);
			fileSystemSynchronizedGroups = (
				9B6E4D9C3071003E00A4BBD4 /* DayShiftNotificationContent */,
			);
			name = DayShiftNotificationContent;
			packageProductDependencies = (
				9B6E4DD5307102C100A4BBD4 /* DayShiftKit */,
			);
			productName = DayShiftNotificationContent;
			productReference = 9B6E4D973071003E00A4BBD4 /* DayShiftNotificationContent.appex */;
			productType = "com.apple.product-type.app-extension";
		};
/* End PBXNativeTarget section */

/* Begin PBXProject section */
		9B6E4D3B3070FA5400A4BBD4 /* Project object */ = {
			isa = PBXProject;
			attributes = {
				BuildIndependentTargetsInParallel = 1;
				LastSwiftUpdateCheck = 2640;
				LastUpgradeCheck = 2640;
				TargetAttributes = {
					9B6E4D423070FA5400A4BBD4 = {
						CreatedOnToolsVersion = 26.4.1;
					};
					9B6E4D6E3070FF8200A4BBD4 = {
						CreatedOnToolsVersion = 26.4.1;
					};
					9B6E4D963071003E00A4BBD4 = {
						CreatedOnToolsVersion = 26.4.1;
					};
				};
			};
			buildConfigurationList = 9B6E4D3E3070FA5400A4BBD4 /* Build configuration list for PBXProject "DayShift" */;
			developmentRegion = en;
			hasScannedForEncodings = 0;
			knownRegions = (
				en,
				Base,
			);
			mainGroup = 9B6E4D3A3070FA5400A4BBD4;
			minimizedProjectReferenceProxies = 1;
			packageReferences = (
				9B6E4DD4307102C100A4BBD4 /* XCLocalSwiftPackageReference "Packages/DayShiftKit" */,
			);
			preferredProjectObjectVersion = 77;
			productRefGroup = 9B6E4D443070FA5400A4BBD4 /* Products */;
			projectDirPath = "";
			projectRoot = "";
			targets = (
				9B6E4D423070FA5400A4BBD4 /* DayShift */,
				9B6E4D6E3070FF8200A4BBD4 /* DayShiftWidgetExtension */,
				9B6E4D963071003E00A4BBD4 /* DayShiftNotificationContent */,
			);
		};
/* End PBXProject section */

/* Begin PBXResourcesBuildPhase section */
		9B6E4D413070FA5400A4BBD4 /* Resources */ = {
			isa = PBXResourcesBuildPhase;
			buildActionMask = 2147483647;
			files = (
			);
			runOnlyForDeploymentPostprocessing = 0;
		};
		9B6E4D6D3070FF8200A4BBD4 /* Resources */ = {
			isa = PBXResourcesBuildPhase;
			buildActionMask = 2147483647;
			files = (
			);
			runOnlyForDeploymentPostprocessing = 0;
		};
		9B6E4D953071003E00A4BBD4 /* Resources */ = {
			isa = PBXResourcesBuildPhase;
			buildActionMask = 2147483647;
			files = (
			);
			runOnlyForDeploymentPostprocessing = 0;
		};
/* End PBXResourcesBuildPhase section */

/* Begin PBXSourcesBuildPhase section */
		9B6E4D3F3070FA5400A4BBD4 /* Sources */ = {
			isa = PBXSourcesBuildPhase;
			buildActionMask = 2147483647;
			files = (
			);
			runOnlyForDeploymentPostprocessing = 0;
		};
		9B6E4D6B3070FF8200A4BBD4 /* Sources */ = {
			isa = PBXSourcesBuildPhase;
			buildActionMask = 2147483647;
			files = (
			);
			runOnlyForDeploymentPostprocessing = 0;
		};
		9B6E4D933071003E00A4BBD4 /* Sources */ = {
			isa = PBXSourcesBuildPhase;
			buildActionMask = 2147483647;
			files = (
			);
			runOnlyForDeploymentPostprocessing = 0;
		};
/* End PBXSourcesBuildPhase section */

/* Begin PBXTargetDependency section */
		9B6E4D7E3070FF8400A4BBD4 /* PBXTargetDependency */ = {
			isa = PBXTargetDependency;
			target = 9B6E4D6E3070FF8200A4BBD4 /* DayShiftWidgetExtension */;
			targetProxy = 9B6E4D7D3070FF8400A4BBD4 /* PBXContainerItemProxy */;
		};
		9B6E4DA43071003E00A4BBD4 /* PBXTargetDependency */ = {
			isa = PBXTargetDependency;
			target = 9B6E4D963071003E00A4BBD4 /* DayShiftNotificationContent */;
			targetProxy = 9B6E4DA33071003E00A4BBD4 /* PBXContainerItemProxy */;
		};
/* End PBXTargetDependency section */

/* Begin XCBuildConfiguration section */
		9B6E4D4C3070FA5600A4BBD4 /* Debug */ = {
			isa = XCBuildConfiguration;
			buildSettings = {
				ALWAYS_SEARCH_USER_PATHS = NO;
				ASSETCATALOG_COMPILER_GENERATE_SWIFT_ASSET_SYMBOL_EXTENSIONS = YES;
				CLANG_ANALYZER_NONNULL = YES;
				CLANG_ANALYZER_NUMBER_OBJECT_CONVERSION = YES_AGGRESSIVE;
				CLANG_CXX_LANGUAGE_STANDARD = "gnu++20";
				CLANG_ENABLE_MODULES = YES;
				CLANG_ENABLE_OBJC_ARC = YES;
				CLANG_ENABLE_OBJC_WEAK = YES;
				CLANG_WARN_BLOCK_CAPTURE_AUTORELEASING = YES;
				CLANG_WARN_BOOL_CONVERSION = YES;
				CLANG_WARN_COMMA = YES;
				CLANG_WARN_CONSTANT_CONVERSION = YES;
				CLANG_WARN_DEPRECATED_OBJC_IMPLEMENTATIONS = YES;
				CLANG_WARN_DIRECT_OBJC_ISA_USAGE = YES_ERROR;
				CLANG_WARN_DOCUMENTATION_COMMENTS = YES;
				CLANG_WARN_EMPTY_BODY = YES;
				CLANG_WARN_ENUM_CONVERSION = YES;
				CLANG_WARN_INFINITE_RECURSION = YES;
				CLANG_WARN_INT_CONVERSION = YES;
				CLANG_WARN_NON_LITERAL_NULL_CONVERSION = YES;
				CLANG_WARN_OBJC_IMPLICIT_RETAIN_SELF = YES;
				CLANG_WARN_OBJC_LITERAL_CONVERSION = YES;
				CLANG_WARN_OBJC_ROOT_CLASS = YES_ERROR;
				CLANG_WARN_QUOTED_INCLUDE_IN_FRAMEWORK_HEADER = YES;
				CLANG_WARN_RANGE_LOOP_ANALYSIS = YES;
				CLANG_WARN_STRICT_PROTOTYPES = YES;
				CLANG_WARN_SUSPICIOUS_MOVE = YES;
				CLANG_WARN_UNGUARDED_AVAILABILITY = YES_AGGRESSIVE;
				CLANG_WARN_UNREACHABLE_CODE = YES;
				CLANG_WARN__DUPLICATE_METHOD_MATCH = YES;
				COPY_PHASE_STRIP = NO;
				DEBUG_INFORMATION_FORMAT = dwarf;
				DEVELOPMENT_TEAM = 3BD5MKBV35;
				ENABLE_STRICT_OBJC_MSGSEND = YES;
				ENABLE_TESTABILITY = YES;
				ENABLE_USER_SCRIPT_SANDBOXING = YES;
				GCC_C_LANGUAGE_STANDARD = gnu17;
				GCC_DYNAMIC_NO_PIC = NO;
				GCC_NO_COMMON_BLOCKS = YES;
				GCC_OPTIMIZATION_LEVEL = 0;
				GCC_PREPROCESSOR_DEFINITIONS = (
					"DEBUG=1",
					"$(inherited)",
				);
				GCC_WARN_64_TO_32_BIT_CONVERSION = YES;
				GCC_WARN_ABOUT_RETURN_TYPE = YES_ERROR;
				GCC_WARN_UNDECLARED_SELECTOR = YES;
				GCC_WARN_UNINITIALIZED_AUTOS = YES_AGGRESSIVE;
				GCC_WARN_UNUSED_FUNCTION = YES;
				GCC_WARN_UNUSED_VARIABLE = YES;
				IPHONEOS_DEPLOYMENT_TARGET = 17.0;
				LOCALIZATION_PREFERS_STRING_CATALOGS = YES;
				MTL_ENABLE_DEBUG_INFO = INCLUDE_SOURCE;
				MTL_FAST_MATH = YES;
				ONLY_ACTIVE_ARCH = YES;
				SDKROOT = iphoneos;
				SWIFT_ACTIVE_COMPILATION_CONDITIONS = "DEBUG $(inherited)";
				SWIFT_OPTIMIZATION_LEVEL = "-Onone";
			};
			name = Debug;
		};
		9B6E4D4D3070FA5600A4BBD4 /* Release */ = {
			isa = XCBuildConfiguration;
			buildSettings = {
				ALWAYS_SEARCH_USER_PATHS = NO;
				ASSETCATALOG_COMPILER_GENERATE_SWIFT_ASSET_SYMBOL_EXTENSIONS = YES;
				CLANG_ANALYZER_NONNULL = YES;
				CLANG_ANALYZER_NUMBER_OBJECT_CONVERSION = YES_AGGRESSIVE;
				CLANG_CXX_LANGUAGE_STANDARD = "gnu++20";
				CLANG_ENABLE_MODULES = YES;
				CLANG_ENABLE_OBJC_ARC = YES;
				CLANG_ENABLE_OBJC_WEAK = YES;
				CLANG_WARN_BLOCK_CAPTURE_AUTORELEASING = YES;
				CLANG_WARN_BOOL_CONVERSION = YES;
				CLANG_WARN_COMMA = YES;
				CLANG_WARN_CONSTANT_CONVERSION = YES;
				CLANG_WARN_DEPRECATED_OBJC_IMPLEMENTATIONS = YES;
				CLANG_WARN_DIRECT_OBJC_ISA_USAGE = YES_ERROR;
				CLANG_WARN_DOCUMENTATION_COMMENTS = YES;
				CLANG_WARN_EMPTY_BODY = YES;
				CLANG_WARN_ENUM_CONVERSION = YES;
				CLANG_WARN_INFINITE_RECURSION = YES;
				CLANG_WARN_INT_CONVERSION = YES;
				CLANG_WARN_NON_LITERAL_NULL_CONVERSION = YES;
				CLANG_WARN_OBJC_IMPLICIT_RETAIN_SELF = YES;
				CLANG_WARN_OBJC_LITERAL_CONVERSION = YES;
				CLANG_WARN_OBJC_ROOT_CLASS = YES_ERROR;
				CLANG_WARN_QUOTED_INCLUDE_IN_FRAMEWORK_HEADER = YES;
				CLANG_WARN_RANGE_LOOP_ANALYSIS = YES;
				CLANG_WARN_STRICT_PROTOTYPES = YES;
				CLANG_WARN_SUSPICIOUS_MOVE = YES;
				CLANG_WARN_UNGUARDED_AVAILABILITY = YES_AGGRESSIVE;
				CLANG_WARN_UNREACHABLE_CODE = YES;
				CLANG_WARN__DUPLICATE_METHOD_MATCH = YES;
				COPY_PHASE_STRIP = NO;
				DEBUG_INFORMATION_FORMAT = "dwarf-with-dsym";
				DEVELOPMENT_TEAM = 3BD5MKBV35;
				ENABLE_NS_ASSERTIONS = NO;
				ENABLE_STRICT_OBJC_MSGSEND = YES;
				ENABLE_USER_SCRIPT_SANDBOXING = YES;
				GCC_C_LANGUAGE_STANDARD = gnu17;
				GCC_NO_COMMON_BLOCKS = YES;
				GCC_WARN_64_TO_32_BIT_CONVERSION = YES;
				GCC_WARN_ABOUT_RETURN_TYPE = YES_ERROR;
				GCC_WARN_UNDECLARED_SELECTOR = YES;
				GCC_WARN_UNINITIALIZED_AUTOS = YES_AGGRESSIVE;
				GCC_WARN_UNUSED_FUNCTION = YES;
				GCC_WARN_UNUSED_VARIABLE = YES;
				IPHONEOS_DEPLOYMENT_TARGET = 17.0;
				LOCALIZATION_PREFERS_STRING_CATALOGS = YES;
				MTL_ENABLE_DEBUG_INFO = NO;
				MTL_FAST_MATH = YES;
				SDKROOT = iphoneos;
				SWIFT_COMPILATION_MODE = wholemodule;
				VALIDATE_PRODUCT = YES;
			};
			name = Release;
		};
		9B6E4D4F3070FA5600A4BBD4 /* Debug */ = {
			isa = XCBuildConfiguration;
			buildSettings = {
				ASSETCATALOG_COMPILER_APPICON_NAME = AppIcon;
				ASSETCATALOG_COMPILER_GLOBAL_ACCENT_COLOR_NAME = AccentColor;
				CODE_SIGN_STYLE = Automatic;
				CURRENT_PROJECT_VERSION = 1;
				DEVELOPMENT_TEAM = 3BD5MKBV35;
				ENABLE_PREVIEWS = YES;
				GENERATE_INFOPLIST_FILE = YES;
				INFOPLIST_KEY_UIApplicationSceneManifest_Generation = YES;
				INFOPLIST_KEY_UIApplicationSupportsIndirectInputEvents = YES;
				INFOPLIST_KEY_UILaunchScreen_Generation = YES;
				INFOPLIST_KEY_UISupportedInterfaceOrientations_iPad = "UIInterfaceOrientationPortrait UIInterfaceOrientationPortraitUpsideDown UIInterfaceOrientationLandscapeLeft UIInterfaceOrientationLandscapeRight";
				INFOPLIST_KEY_UISupportedInterfaceOrientations_iPhone = "UIInterfaceOrientationPortrait UIInterfaceOrientationLandscapeLeft UIInterfaceOrientationLandscapeRight";
				LD_RUNPATH_SEARCH_PATHS = (
					"$(inherited)",
					"@executable_path/Frameworks",
				);
				MARKETING_VERSION = 1.0;
				PRODUCT_BUNDLE_IDENTIFIER = com.utsstudent.zhaoziying.DayShift;
				PRODUCT_NAME = "$(TARGET_NAME)";
				STRING_CATALOG_GENERATE_SYMBOLS = YES;
				SWIFT_APPROACHABLE_CONCURRENCY = YES;
				SWIFT_DEFAULT_ACTOR_ISOLATION = MainActor;
				SWIFT_EMIT_LOC_STRINGS = YES;
				SWIFT_UPCOMING_FEATURE_MEMBER_IMPORT_VISIBILITY = YES;
				SWIFT_VERSION = 5.0;
				TARGETED_DEVICE_FAMILY = "1,2";
			};
			name = Debug;
		};
		9B6E4D503070FA5600A4BBD4 /* Release */ = {
			isa = XCBuildConfiguration;
			buildSettings = {
				ASSETCATALOG_COMPILER_APPICON_NAME = AppIcon;
				ASSETCATALOG_COMPILER_GLOBAL_ACCENT_COLOR_NAME = AccentColor;
				CODE_SIGN_STYLE = Automatic;
				CURRENT_PROJECT_VERSION = 1;
				DEVELOPMENT_TEAM = 3BD5MKBV35;
				ENABLE_PREVIEWS = YES;
				GENERATE_INFOPLIST_FILE = YES;
				INFOPLIST_KEY_UIApplicationSceneManifest_Generation = YES;
				INFOPLIST_KEY_UIApplicationSupportsIndirectInputEvents = YES;
				INFOPLIST_KEY_UILaunchScreen_Generation = YES;
				INFOPLIST_KEY_UISupportedInterfaceOrientations_iPad = "UIInterfaceOrientationPortrait UIInterfaceOrientationPortraitUpsideDown UIInterfaceOrientationLandscapeLeft UIInterfaceOrientationLandscapeRight";
				INFOPLIST_KEY_UISupportedInterfaceOrientations_iPhone = "UIInterfaceOrientationPortrait UIInterfaceOrientationLandscapeLeft UIInterfaceOrientationLandscapeRight";
				LD_RUNPATH_SEARCH_PATHS = (
					"$(inherited)",
					"@executable_path/Frameworks",
				);
				MARKETING_VERSION = 1.0;
				PRODUCT_BUNDLE_IDENTIFIER = com.utsstudent.zhaoziying.DayShift;
				PRODUCT_NAME = "$(TARGET_NAME)";
				STRING_CATALOG_GENERATE_SYMBOLS = YES;
				SWIFT_APPROACHABLE_CONCURRENCY = YES;
				SWIFT_DEFAULT_ACTOR_ISOLATION = MainActor;
				SWIFT_EMIT_LOC_STRINGS = YES;
				SWIFT_UPCOMING_FEATURE_MEMBER_IMPORT_VISIBILITY = YES;
				SWIFT_VERSION = 5.0;
				TARGETED_DEVICE_FAMILY = "1,2";
			};
			name = Release;
		};
		9B6E4D813070FF8400A4BBD4 /* Debug */ = {
			isa = XCBuildConfiguration;
			buildSettings = {
				ASSETCATALOG_COMPILER_GLOBAL_ACCENT_COLOR_NAME = AccentColor;
				ASSETCATALOG_COMPILER_WIDGET_BACKGROUND_COLOR_NAME = WidgetBackground;
				CODE_SIGN_STYLE = Automatic;
				CURRENT_PROJECT_VERSION = 1;
				DEVELOPMENT_TEAM = 3BD5MKBV35;
				GENERATE_INFOPLIST_FILE = YES;
				INFOPLIST_FILE = DayShiftWidget/Info.plist;
				INFOPLIST_KEY_CFBundleDisplayName = DayShiftWidget;
				INFOPLIST_KEY_NSHumanReadableCopyright = "";
				IPHONEOS_DEPLOYMENT_TARGET = 17.0;
				LD_RUNPATH_SEARCH_PATHS = (
					"$(inherited)",
					"@executable_path/Frameworks",
					"@executable_path/../../Frameworks",
				);
				MARKETING_VERSION = 1.0;
				PRODUCT_BUNDLE_IDENTIFIER = com.utsstudent.zhaoziying.DayShift.DayShiftWidget;
				PRODUCT_NAME = "$(TARGET_NAME)";
				SKIP_INSTALL = YES;
				STRING_CATALOG_GENERATE_SYMBOLS = YES;
				SWIFT_APPROACHABLE_CONCURRENCY = YES;
				SWIFT_EMIT_LOC_STRINGS = YES;
				SWIFT_UPCOMING_FEATURE_MEMBER_IMPORT_VISIBILITY = YES;
				SWIFT_VERSION = 5.0;
				TARGETED_DEVICE_FAMILY = "1,2";
			};
			name = Debug;
		};
		9B6E4D823070FF8400A4BBD4 /* Release */ = {
			isa = XCBuildConfiguration;
			buildSettings = {
				ASSETCATALOG_COMPILER_GLOBAL_ACCENT_COLOR_NAME = AccentColor;
				ASSETCATALOG_COMPILER_WIDGET_BACKGROUND_COLOR_NAME = WidgetBackground;
				CODE_SIGN_STYLE = Automatic;
				CURRENT_PROJECT_VERSION = 1;
				DEVELOPMENT_TEAM = 3BD5MKBV35;
				GENERATE_INFOPLIST_FILE = YES;
				INFOPLIST_FILE = DayShiftWidget/Info.plist;
				INFOPLIST_KEY_CFBundleDisplayName = DayShiftWidget;
				INFOPLIST_KEY_NSHumanReadableCopyright = "";
				IPHONEOS_DEPLOYMENT_TARGET = 17.0;
				LD_RUNPATH_SEARCH_PATHS = (
					"$(inherited)",
					"@executable_path/Frameworks",
					"@executable_path/../../Frameworks",
				);
				MARKETING_VERSION = 1.0;
				PRODUCT_BUNDLE_IDENTIFIER = com.utsstudent.zhaoziying.DayShift.DayShiftWidget;
				PRODUCT_NAME = "$(TARGET_NAME)";
				SKIP_INSTALL = YES;
				STRING_CATALOG_GENERATE_SYMBOLS = YES;
				SWIFT_APPROACHABLE_CONCURRENCY = YES;
				SWIFT_EMIT_LOC_STRINGS = YES;
				SWIFT_UPCOMING_FEATURE_MEMBER_IMPORT_VISIBILITY = YES;
				SWIFT_VERSION = 5.0;
				TARGETED_DEVICE_FAMILY = "1,2";
			};
			name = Release;
		};
		9B6E4DA63071003E00A4BBD4 /* Debug */ = {
			isa = XCBuildConfiguration;
			buildSettings = {
				CODE_SIGN_STYLE = Automatic;
				CURRENT_PROJECT_VERSION = 1;
				DEVELOPMENT_TEAM = 3BD5MKBV35;
				GENERATE_INFOPLIST_FILE = YES;
				INFOPLIST_FILE = DayShiftNotificationContent/Info.plist;
				INFOPLIST_KEY_CFBundleDisplayName = DayShiftNotificationContent;
				INFOPLIST_KEY_NSHumanReadableCopyright = "";
				IPHONEOS_DEPLOYMENT_TARGET = 17.0;
				LD_RUNPATH_SEARCH_PATHS = (
					"$(inherited)",
					"@executable_path/Frameworks",
					"@executable_path/../../Frameworks",
				);
				MARKETING_VERSION = 1.0;
				PRODUCT_BUNDLE_IDENTIFIER = com.utsstudent.zhaoziying.DayShift.DayShiftNotificationContent;
				PRODUCT_NAME = "$(TARGET_NAME)";
				SKIP_INSTALL = YES;
				STRING_CATALOG_GENERATE_SYMBOLS = YES;
				SWIFT_APPROACHABLE_CONCURRENCY = YES;
				SWIFT_EMIT_LOC_STRINGS = YES;
				SWIFT_UPCOMING_FEATURE_MEMBER_IMPORT_VISIBILITY = YES;
				SWIFT_VERSION = 5.0;
				TARGETED_DEVICE_FAMILY = "1,2";
			};
			name = Debug;
		};
		9B6E4DA73071003E00A4BBD4 /* Release */ = {
			isa = XCBuildConfiguration;
			buildSettings = {
				CODE_SIGN_STYLE = Automatic;
				CURRENT_PROJECT_VERSION = 1;
				DEVELOPMENT_TEAM = 3BD5MKBV35;
				GENERATE_INFOPLIST_FILE = YES;
				INFOPLIST_FILE = DayShiftNotificationContent/Info.plist;
				INFOPLIST_KEY_CFBundleDisplayName = DayShiftNotificationContent;
				INFOPLIST_KEY_NSHumanReadableCopyright = "";
				IPHONEOS_DEPLOYMENT_TARGET = 17.0;
				LD_RUNPATH_SEARCH_PATHS = (
					"$(inherited)",
					"@executable_path/Frameworks",
					"@executable_path/../../Frameworks",
				);
				MARKETING_VERSION = 1.0;
				PRODUCT_BUNDLE_IDENTIFIER = com.utsstudent.zhaoziying.DayShift.DayShiftNotificationContent;
				PRODUCT_NAME = "$(TARGET_NAME)";
				SKIP_INSTALL = YES;
				STRING_CATALOG_GENERATE_SYMBOLS = YES;
				SWIFT_APPROACHABLE_CONCURRENCY = YES;
				SWIFT_EMIT_LOC_STRINGS = YES;
				SWIFT_UPCOMING_FEATURE_MEMBER_IMPORT_VISIBILITY = YES;
				SWIFT_VERSION = 5.0;
				TARGETED_DEVICE_FAMILY = "1,2";
			};
			name = Release;
		};
/* End XCBuildConfiguration section */

/* Begin XCConfigurationList section */
		9B6E4D3E3070FA5400A4BBD4 /* Build configuration list for PBXProject "DayShift" */ = {
			isa = XCConfigurationList;
			buildConfigurations = (
				9B6E4D4C3070FA5600A4BBD4 /* Debug */,
				9B6E4D4D3070FA5600A4BBD4 /* Release */,
			);
			defaultConfigurationIsVisible = 0;
			defaultConfigurationName = Release;
		};
		9B6E4D4E3070FA5600A4BBD4 /* Build configuration list for PBXNativeTarget "DayShift" */ = {
			isa = XCConfigurationList;
			buildConfigurations = (
				9B6E4D4F3070FA5600A4BBD4 /* Debug */,
				9B6E4D503070FA5600A4BBD4 /* Release */,
			);
			defaultConfigurationIsVisible = 0;
			defaultConfigurationName = Release;
		};
		9B6E4D843070FF8400A4BBD4 /* Build configuration list for PBXNativeTarget "DayShiftWidgetExtension" */ = {
			isa = XCConfigurationList;
			buildConfigurations = (
				9B6E4D813070FF8400A4BBD4 /* Debug */,
				9B6E4D823070FF8400A4BBD4 /* Release */,
			);
			defaultConfigurationIsVisible = 0;
			defaultConfigurationName = Release;
		};
		9B6E4DA93071003E00A4BBD4 /* Build configuration list for PBXNativeTarget "DayShiftNotificationContent" */ = {
			isa = XCConfigurationList;
			buildConfigurations = (
				9B6E4DA63071003E00A4BBD4 /* Debug */,
				9B6E4DA73071003E00A4BBD4 /* Release */,
			);
			defaultConfigurationIsVisible = 0;
			defaultConfigurationName = Release;
		};
/* End XCConfigurationList section */

/* Begin XCLocalSwiftPackageReference section */
		9B6E4DD4307102C100A4BBD4 /* XCLocalSwiftPackageReference "Packages/DayShiftKit" */ = {
			isa = XCLocalSwiftPackageReference;
			relativePath = Packages/DayShiftKit;
		};
/* End XCLocalSwiftPackageReference section */

/* Begin XCSwiftPackageProductDependency section */
		9B6E4DD5307102C100A4BBD4 /* DayShiftKit */ = {
			isa = XCSwiftPackageProductDependency;
			productName = DayShiftKit;
		};
/* End XCSwiftPackageProductDependency section */
	};
	rootObject = 9B6E4D3B3070FA5400A4BBD4 /* Project object */;
}
